
Microsoft Visual Studio Solution File, Format Version 12.00
# Visual Studio 15
VisualStudioVersion = 15.0.27703.2018
MinimumVisualStudioVersion = 10.0.40219.1
Project("{FAE04EC0-301F-11D3-BF4B-00C04F79EFBC}") = "WebApplication24", "WebApplication24\WebApplication24.csproj", "{2156EA24-7592-4DBE-956C-CF469F4918DD}"
EndProject
Project("{2150E333-8FDC-42A3-9474-1A3956D46DE8}") = "Common", "Common", "{0D161367-A81A-4254-AAD1-2F943D217080}"
	ProjectSection(SolutionItems) = preProject
		Common\CommonSettings.json = Common\CommonSettings.json
	EndProjectSection
EndProject
Global
	GlobalSection(SolutionConfigurationPlatforms) = preSolution
		Debug|Any CPU = Debug|Any CPU
		Release|Any CPU = Release|Any CPU
	EndGlobalSection
	GlobalSection(ProjectConfigurationPlatforms) = postSolution
		{2156EA24-7592-4DBE-956C-CF469F4918DD}.Debug|Any CPU.ActiveCfg = Debug|Any CPU
		{2156EA24-7592-4DBE-956C-CF469F4918DD}.Debug|Any CPU.Build.0 = Debug|Any CPU
		{2156EA24-7592-4DBE-956C-CF469F4918DD}.Release|Any CPU.ActiveCfg = Release|Any CPU
		{2156EA24-7592-4DBE-956C-CF469F4918DD}.Release|Any CPU.Build.0 = Release|Any CPU
	EndGlobalSection
	GlobalSection(SolutionProperties) = preSolution
		HideSolutionNode = FALSE
	EndGlobalSection
	GlobalSection(ExtensibilityGlobals) = postSolution
		SolutionGuid = {AF67DA89-05B0-4492-B95F-634C1C133EC3}
	EndGlobalSection
EndGlobal
